
Microsoft Visual Studio Solution File, Format Version 12.00
Project("{FAE04EC0-301F-11D3-BF4B-00C04F79EFBC}") = "AlfaBotHost", "src\AlfaBot.Host\AlfaBot.Host.csproj", "{9F7257B6-0418-4BAE-B8C8-226AEDFD408F}"
EndProject
Project("{FAE04EC0-301F-11D3-BF4B-00C04F79EFBC}") = "AlfaBot.Core", "src\AlfaBot.Core\AlfaBot.Core.csproj", "{B0425968-7D05-47A9-A580-D569602D5FA1}"
EndProject
Global
	GlobalSection(SolutionConfigurationPlatforms) = preSolution
		Debug|Any CPU = Debug|Any CPU
		Release|Any CPU = Release|Any CPU
	EndGlobalSection
	GlobalSection(ProjectConfigurationPlatforms) = postSolution
		{9F7257B6-0418-4BAE-B8C8-226AEDFD408F}.Debug|Any CPU.ActiveCfg = Debug|Any CPU
		{9F7257B6-0418-4BAE-B8C8-226AEDFD408F}.Debug|Any CPU.Build.0 = Debug|Any CPU
		{9F7257B6-0418-4BAE-B8C8-226AEDFD408F}.Release|Any CPU.ActiveCfg = Release|Any CPU
		{9F7257B6-0418-4BAE-B8C8-226AEDFD408F}.Release|Any CPU.Build.0 = Release|Any CPU
		{B0425968-7D05-47A9-A580-D569602D5FA1}.Debug|Any CPU.ActiveCfg = Debug|Any CPU
		{B0425968-7D05-47A9-A580-D569602D5FA1}.Debug|Any CPU.Build.0 = Debug|Any CPU
		{B0425968-7D05-47A9-A580-D569602D5FA1}.Release|Any CPU.ActiveCfg = Release|Any CPU
		{B0425968-7D05-47A9-A580-D569602D5FA1}.Release|Any CPU.Build.0 = Release|Any CPU
	EndGlobalSection
EndGlobal
